{
  "name": "moon_v1.34",
  "version": "1.0.0",
  "lockfileVersion": 3,
  "requires": true,
  "packages": {
    "": {
      "name": "moon_v1.34",
      "version": "1.0.0",
      "license": "ISC",
      "dependencies": {
        "@moonrepo/cli": "1.34"
      }
    },
    "node_modules/@moonrepo/cli": {
      "version": "1.34.3",
      "resolved": "https://registry.npmjs.org/@moonrepo/cli/-/cli-1.34.3.tgz",
      "integrity": "sha512-Z6XWZBkvfmpc6dgRSdEsQfszIL40jfb5YO5VvsQLsnX5T/ssPolPDs1sB8NaWZWZSJE3qWU/4gHf5HIaP6GyfQ==",
      "hasInstallScript": true,
      "license": "MIT",
      "dependencies": {
        "detect-libc": "^2.0.3"
      },
      "bin": {
        "moon": "moon.js"
      },
      "optionalDependencies": {
        "@moonrepo/core-linux-arm64-gnu": "1.34.3",
        "@moonrepo/core-linux-arm64-musl": "1.34.3",
        "@moonrepo/core-linux-x64-gnu": "1.34.3",
        "@moonrepo/core-linux-x64-musl": "1.34.3",
        "@moonrepo/core-macos-arm64": "1.34.3",
        "@moonrepo/core-macos-x64": "1.34.3",
        "@moonrepo/core-windows-x64-msvc": "1.34.3"
      }
    },
    "node_modules/@moonrepo/core-linux-arm64-gnu": {
      "version": "1.34.3",
      "resolved": "https://registry.npmjs.org/@moonrepo/core-linux-arm64-gnu/-/core-linux-arm64-gnu-1.34.3.tgz",
      "integrity": "sha512-HztNGVhgK7d2csbq2RJHSbJGtf+Wmo0eAkOlzHPwDgIniip8xMP4PUp7T64f3LiE8nCh5WSxdFqyw/7fBg7uIQ==",
      "cpu": [
        "arm64"
      ],
      "license": "MIT",
      "optional": true,
      "os": [
        "linux"
      ]
    },
    "node_modules/@moonrepo/core-linux-arm64-musl": {
      "version": "1.34.3",
      "resolved": "https://registry.npmjs.org/@moonrepo/core-linux-arm64-musl/-/core-linux-arm64-musl-1.34.3.tgz",
      "integrity": "sha512-ObthHRfUec9WgMuaKLt6lx/qtYyrHtetzvyH3ppGo1yitcqEbRFpisYYZHtehX8Y7ashllSJ8GuC1GeOuMiETg==",
      "cpu": [
        "arm64"
      ],
      "license": "MIT",
      "optional": true,
      "os": [
        "linux"
      ]
    },
    "node_modules/@moonrepo/core-linux-x64-gnu": {
      "version": "1.34.3",
      "resolved": "https://registry.npmjs.org/@moonrepo/core-linux-x64-gnu/-/core-linux-x64-gnu-1.34.3.tgz",
      "integrity": "sha512-mQ/mGtxgLYm5BM2SoVgiIsyFGKQwUVC6nNSCt8jPURUo7e42QSG0nffYz223ggSTZNt+mK1ujHA3G2NjnVyE/Q==",
      "cpu": [
        "x64"
      ],
      "license": "MIT",
      "optional": true,
      "os": [
        "linux"
      ]
    },
    "node_modules/@moonrepo/core-linux-x64-musl": {
      "version": "1.34.3",
      "resolved": "https://registry.npmjs.org/@moonrepo/core-linux-x64-musl/-/core-linux-x64-musl-1.34.3.tgz",
      "integrity": "sha512-rGT7nDQuI3WKVGm27gXTcyAWTMvjr/SGJUhce3jkwB0nvpLsNOSUnOZ41BPlC5/IwIyLYATy+KPQu/Q9Kzxkhw==",
      "cpu": [
        "x64"
      ],
      "license": "MIT",
      "optional": true,
      "os": [
        "linux"
      ]
    },
    "node_modules/@moonrepo/core-macos-arm64": {
      "version": "1.34.3",
      "resolved": "https://registry.npmjs.org/@moonrepo/core-macos-arm64/-/core-macos-arm64-1.34.3.tgz",
      "integrity": "sha512-mpfAC+mwuCktvXAmMS5dImbdQi/5HcteLlJcZPdTGcsMAvL8Mz7WFnU0NVTFICPuy1LsMZXmbEXqgbDhiNT8QQ==",
      "cpu": [
        "arm64"
      ],
      "license": "MIT",
      "optional": true,
      "os": [
        "darwin"
      ]
    },
    "node_modules/@moonrepo/core-macos-x64": {
      "version": "1.34.3",
      "resolved": "https://registry.npmjs.org/@moonrepo/core-macos-x64/-/core-macos-x64-1.34.3.tgz",
      "integrity": "sha512-eiaj++1Q0+l1GgcJxfWJCCMS7qxDX+hFFrTxBmlNltOHs1Da7BXSoCfgFSBxbinsb4Y+4jGJtxeORPpvnlxvGg==",
      "cpu": [
        "x64"
      ],
      "license": "MIT",
      "optional": true,
      "os": [
        "darwin"
      ]
    },
    "node_modules/@moonrepo/core-windows-x64-msvc": {
      "version": "1.34.3",
      "resolved": "https://registry.npmjs.org/@moonrepo/core-windows-x64-msvc/-/core-windows-x64-msvc-1.34.3.tgz",
      "integrity": "sha512-pkcE1Y97IIpS6l3hWsmoXK31vn79jTaeBrJjLVgCWx2EFaMFqibf2M2mnLROSfGnXMGzpH6FZeHTzXscHZmCcQ==",
      "cpu": [
        "x64"
      ],
      "license": "MIT",
      "optional": true,
      "os": [
        "win32"
      ]
    },
    "node_modules/detect-libc": {
      "version": "2.0.4",
      "resolved": "https://registry.npmjs.org/detect-libc/-/detect-libc-2.0.4.tgz",
      "integrity": "sha512-3UDv+G9CsCKO1WKMGw9fwq/SWJYbI0c5Y7LU1AXYoDdbhE2AHQ6N6Nb34sG8Fj7T5APy8qXDCKuuIHd1BR0tVA==",
      "license": "Apache-2.0",
      "engines": {
        "node": ">=8"
      }
    }
  }
}
