{
  "name": "moon_v1.34",
  "version": "1.0.0",
  "lockfileVersion": 3,
  "requires": true,
  "packages": {
    "": {
      "name": "moon_v1.34",
      "version": "1.0.0",
      "license": "ISC",
      "dependencies": {
        "@moonrepo/cli": "1.35"
      }
    },
    "node_modules/@moonrepo/cli": {
      "version": "1.35.7",
      "resolved": "https://registry.npmjs.org/@moonrepo/cli/-/cli-1.35.7.tgz",
      "integrity": "sha512-6ERr2NR4auUQ7JKPeippoqCD9BnqZxcEwfvSyaJR1YwUChS8B9Mzn4am9Qd8W/+dz8+8zLSWj/SCLoqjYJNRhQ==",
      "hasInstallScript": true,
      "license": "MIT",
      "dependencies": {
        "detect-libc": "^2.0.3"
      },
      "bin": {
        "moon": "moon.js"
      },
      "optionalDependencies": {
        "@moonrepo/core-linux-arm64-gnu": "1.35.7",
        "@moonrepo/core-linux-arm64-musl": "1.35.7",
        "@moonrepo/core-linux-x64-gnu": "1.35.7",
        "@moonrepo/core-linux-x64-musl": "1.35.7",
        "@moonrepo/core-macos-arm64": "1.35.7",
        "@moonrepo/core-macos-x64": "1.35.7",
        "@moonrepo/core-windows-x64-msvc": "1.35.7"
      }
    },
    "node_modules/@moonrepo/core-linux-arm64-gnu": {
      "version": "1.35.7",
      "resolved": "https://registry.npmjs.org/@moonrepo/core-linux-arm64-gnu/-/core-linux-arm64-gnu-1.35.7.tgz",
      "integrity": "sha512-h5Djt4QodGtSIIukkt+c7lbwv+Wn3SKRMWLGSNDWbbL1T8Tl27nA27a4g6BPgjvPjnLeCnwMiP50sGKZyUN/9w==",
      "cpu": [
        "arm64"
      ],
      "license": "MIT",
      "optional": true,
      "os": [
        "linux"
      ]
    },
    "node_modules/@moonrepo/core-linux-arm64-musl": {
      "version": "1.35.7",
      "resolved": "https://registry.npmjs.org/@moonrepo/core-linux-arm64-musl/-/core-linux-arm64-musl-1.35.7.tgz",
      "integrity": "sha512-CtRTjBDM9lhUtH7p523N/0nya04Oy7cfzlDWAWF73fl8CXjJTjxMw6T4xuRs0vuuSCr+27PWOxouURybzBmNfQ==",
      "cpu": [
        "arm64"
      ],
      "license": "MIT",
      "optional": true,
      "os": [
        "linux"
      ]
    },
    "node_modules/@moonrepo/core-linux-x64-gnu": {
      "version": "1.35.7",
      "resolved": "https://registry.npmjs.org/@moonrepo/core-linux-x64-gnu/-/core-linux-x64-gnu-1.35.7.tgz",
      "integrity": "sha512-zJVU82qUF5iUOM/XHcbSMT3J2aa37J0zRsfFLnpb0cJ/HwZrHgGccd+NPqhoa20RVCAG7JS63z/yVKDN8tNVRg==",
      "cpu": [
        "x64"
      ],
      "license": "MIT",
      "optional": true,
      "os": [
        "linux"
      ]
    },
    "node_modules/@moonrepo/core-linux-x64-musl": {
      "version": "1.35.7",
      "resolved": "https://registry.npmjs.org/@moonrepo/core-linux-x64-musl/-/core-linux-x64-musl-1.35.7.tgz",
      "integrity": "sha512-Fou08gGPuaR+Un1aaPLBLdLGLTFAumHgnmgIwiWfmMXWH3wuA0lbSUgyUbzFlCc6tqSuUEE/eeG9QBuWS292Fg==",
      "cpu": [
        "x64"
      ],
      "license": "MIT",
      "optional": true,
      "os": [
        "linux"
      ]
    },
    "node_modules/@moonrepo/core-macos-arm64": {
      "version": "1.35.7",
      "resolved": "https://registry.npmjs.org/@moonrepo/core-macos-arm64/-/core-macos-arm64-1.35.7.tgz",
      "integrity": "sha512-ceoEaswLRkxG5CQcG+ZDRPqZpZ72T2YDYHe3WGMxG58a4ffsZVHGgszrZbHJy9kXoaUiy33aXGINTzGdj3pv9A==",
      "cpu": [
        "arm64"
      ],
      "license": "MIT",
      "optional": true,
      "os": [
        "darwin"
      ]
    },
    "node_modules/@moonrepo/core-macos-x64": {
      "version": "1.35.7",
      "resolved": "https://registry.npmjs.org/@moonrepo/core-macos-x64/-/core-macos-x64-1.35.7.tgz",
      "integrity": "sha512-FUrgu6ubqag68nHQvqsdqvV5/ImAvaEfcjnLVfqRKTNbIUZ3j2zlQblzfzH9ne4B2dvfqzCMwIvgpzJRWBE27A==",
      "cpu": [
        "x64"
      ],
      "license": "MIT",
      "optional": true,
      "os": [
        "darwin"
      ]
    },
    "node_modules/@moonrepo/core-windows-x64-msvc": {
      "version": "1.35.7",
      "resolved": "https://registry.npmjs.org/@moonrepo/core-windows-x64-msvc/-/core-windows-x64-msvc-1.35.7.tgz",
      "integrity": "sha512-aDaN+1BtFh2wbnuqXSrG1VU6MFOSaYFppHBQvVbNNuyaBdfM1mUh+t2G//0JtVSvd1k+yh9xEIdrt/kA81xQvA==",
      "cpu": [
        "x64"
      ],
      "license": "MIT",
      "optional": true,
      "os": [
        "win32"
      ]
    },
    "node_modules/detect-libc": {
      "version": "2.0.4",
      "resolved": "https://registry.npmjs.org/detect-libc/-/detect-libc-2.0.4.tgz",
      "integrity": "sha512-3UDv+G9CsCKO1WKMGw9fwq/SWJYbI0c5Y7LU1AXYoDdbhE2AHQ6N6Nb34sG8Fj7T5APy8qXDCKuuIHd1BR0tVA==",
      "license": "Apache-2.0",
      "engines": {
        "node": ">=8"
      }
    }
  }
}
